
Microsoft Visual Studio Solution File, Format Version 12.00
# Visual Studio 15
VisualStudioVersion = 15.0.26124.0
MinimumVisualStudioVersion = 15.0.26124.0
Project("{FAE04EC0-301F-11D3-BF4B-00C04F79EFBC}") = "IdentityServer", "IdentityServer\IdentityServer.csproj", "{9128980F-6ADF-444F-BC21-5406FB7CF222}"
EndProject
Project("{FAE04EC0-301F-11D3-BF4B-00C04F79EFBC}") = "Api", "Api\Api.csproj", "{3372AB7A-56E4-4568-9477-811E6540917E}"
EndProject
Project("{FAE04EC0-301F-11D3-BF4B-00C04F79EFBC}") = "Client", "Client\Client.csproj", "{77B4A8D6-215E-49F7-A490-205FB9039C55}"
EndProject
Global
	GlobalSection(SolutionConfigurationPlatforms) = preSolution
		Debug|Any CPU = Debug|Any CPU
		Debug|x64 = Debug|x64
		Debug|x86 = Debug|x86
		Release|Any CPU = Release|Any CPU
		Release|x64 = Release|x64
		Release|x86 = Release|x86
	EndGlobalSection
	GlobalSection(SolutionProperties) = preSolution
		HideSolutionNode = FALSE
	EndGlobalSection
	GlobalSection(ProjectConfigurationPlatforms) = postSolution
		{9128980F-6ADF-444F-BC21-5406FB7CF222}.Debug|Any CPU.ActiveCfg = Debug|Any CPU
		{9128980F-6ADF-444F-BC21-5406FB7CF222}.Debug|Any CPU.Build.0 = Debug|Any CPU
		{9128980F-6ADF-444F-BC21-5406FB7CF222}.Debug|x64.ActiveCfg = Debug|Any CPU
		{9128980F-6ADF-444F-BC21-5406FB7CF222}.Debug|x64.Build.0 = Debug|Any CPU
		{9128980F-6ADF-444F-BC21-5406FB7CF222}.Debug|x86.ActiveCfg = Debug|Any CPU
		{9128980F-6ADF-444F-BC21-5406FB7CF222}.Debug|x86.Build.0 = Debug|Any CPU
		{9128980F-6ADF-444F-BC21-5406FB7CF222}.Release|Any CPU.ActiveCfg = Release|Any CPU
		{9128980F-6ADF-444F-BC21-5406FB7CF222}.Release|Any CPU.Build.0 = Release|Any CPU
		{9128980F-6ADF-444F-BC21-5406FB7CF222}.Release|x64.ActiveCfg = Release|Any CPU
		{9128980F-6ADF-444F-BC21-5406FB7CF222}.Release|x64.Build.0 = Release|Any CPU
		{9128980F-6ADF-444F-BC21-5406FB7CF222}.Release|x86.ActiveCfg = Release|Any CPU
		{9128980F-6ADF-444F-BC21-5406FB7CF222}.Release|x86.Build.0 = Release|Any CPU
		{3372AB7A-56E4-4568-9477-811E6540917E}.Debug|Any CPU.ActiveCfg = Debug|Any CPU
		{3372AB7A-56E4-4568-9477-811E6540917E}.Debug|Any CPU.Build.0 = Debug|Any CPU
		{3372AB7A-56E4-4568-9477-811E6540917E}.Debug|x64.ActiveCfg = Debug|Any CPU
		{3372AB7A-56E4-4568-9477-811E6540917E}.Debug|x64.Build.0 = Debug|Any CPU
		{3372AB7A-56E4-4568-9477-811E6540917E}.Debug|x86.ActiveCfg = Debug|Any CPU
		{3372AB7A-56E4-4568-9477-811E6540917E}.Debug|x86.Build.0 = Debug|Any CPU
		{3372AB7A-56E4-4568-9477-811E6540917E}.Release|Any CPU.ActiveCfg = Release|Any CPU
		{3372AB7A-56E4-4568-9477-811E6540917E}.Release|Any CPU.Build.0 = Release|Any CPU
		{3372AB7A-56E4-4568-9477-811E6540917E}.Release|x64.ActiveCfg = Release|Any CPU
		{3372AB7A-56E4-4568-9477-811E6540917E}.Release|x64.Build.0 = Release|Any CPU
		{3372AB7A-56E4-4568-9477-811E6540917E}.Release|x86.ActiveCfg = Release|Any CPU
		{3372AB7A-56E4-4568-9477-811E6540917E}.Release|x86.Build.0 = Release|Any CPU
		{77B4A8D6-215E-49F7-A490-205FB9039C55}.Debug|Any CPU.ActiveCfg = Debug|Any CPU
		{77B4A8D6-215E-49F7-A490-205FB9039C55}.Debug|Any CPU.Build.0 = Debug|Any CPU
		{77B4A8D6-215E-49F7-A490-205FB9039C55}.Debug|x64.ActiveCfg = Debug|Any CPU
		{77B4A8D6-215E-49F7-A490-205FB9039C55}.Debug|x64.Build.0 = Debug|Any CPU
		{77B4A8D6-215E-49F7-A490-205FB9039C55}.Debug|x86.ActiveCfg = Debug|Any CPU
		{77B4A8D6-215E-49F7-A490-205FB9039C55}.Debug|x86.Build.0 = Debug|Any CPU
		{77B4A8D6-215E-49F7-A490-205FB9039C55}.Release|Any CPU.ActiveCfg = Release|Any CPU
		{77B4A8D6-215E-49F7-A490-205FB9039C55}.Release|Any CPU.Build.0 = Release|Any CPU
		{77B4A8D6-215E-49F7-A490-205FB9039C55}.Release|x64.ActiveCfg = Release|Any CPU
		{77B4A8D6-215E-49F7-A490-205FB9039C55}.Release|x64.Build.0 = Release|Any CPU
		{77B4A8D6-215E-49F7-A490-205FB9039C55}.Release|x86.ActiveCfg = Release|Any CPU
		{77B4A8D6-215E-49F7-A490-205FB9039C55}.Release|x86.Build.0 = Release|Any CPU
	EndGlobalSection
EndGlobal
